
Microsoft Visual Studio Solution File, Format Version 12.00
# Visual Studio 15
VisualStudioVersion = 15.0.28010.2041
MinimumVisualStudioVersion = 10.0.40219.1
Project("{FAE04EC0-301F-11D3-BF4B-00C04F79EFBC}") = "WinAPP", "WinAPP\WinAPP.csproj", "{095DCC91-B26C-46B3-ACCE-78311C8A648E}"
EndProject
Project("{FAE04EC0-301F-11D3-BF4B-00C04F79EFBC}") = "WebRes", "WebRes\WebRes.csproj", "{9FA5C8B9-526C-4F72-B84B-E35C0AA4C7AC}"
EndProject
Project("{54435603-DBB4-11D2-8724-00A0C9A8B90C}") = "OPC客户端", "OPC客户端\OPC客户端.vdproj", "{5FD3E10D-B2DA-4F3F-913E-5E5728A0B8DB}"
EndProject
Global
	GlobalSection(SolutionConfigurationPlatforms) = preSolution
		Debug|Any CPU = Debug|Any CPU
		Debug|x64 = Debug|x64
		Debug|x86 = Debug|x86
		Release|Any CPU = Release|Any CPU
		Release|x64 = Release|x64
		Release|x86 = Release|x86
	EndGlobalSection
	GlobalSection(ProjectConfigurationPlatforms) = postSolution
		{095DCC91-B26C-46B3-ACCE-78311C8A648E}.Debug|Any CPU.ActiveCfg = Debug|Any CPU
		{095DCC91-B26C-46B3-ACCE-78311C8A648E}.Debug|Any CPU.Build.0 = Debug|Any CPU
		{095DCC91-B26C-46B3-ACCE-78311C8A648E}.Debug|x64.ActiveCfg = Debug|x64
		{095DCC91-B26C-46B3-ACCE-78311C8A648E}.Debug|x64.Build.0 = Debug|x64
		{095DCC91-B26C-46B3-ACCE-78311C8A648E}.Debug|x86.ActiveCfg = Debug|x86
		{095DCC91-B26C-46B3-ACCE-78311C8A648E}.Debug|x86.Build.0 = Debug|x86
		{095DCC91-B26C-46B3-ACCE-78311C8A648E}.Release|Any CPU.ActiveCfg = Release|Any CPU
		{095DCC91-B26C-46B3-ACCE-78311C8A648E}.Release|Any CPU.Build.0 = Release|Any CPU
		{095DCC91-B26C-46B3-ACCE-78311C8A648E}.Release|x64.ActiveCfg = Release|x64
		{095DCC91-B26C-46B3-ACCE-78311C8A648E}.Release|x64.Build.0 = Release|x64
		{095DCC91-B26C-46B3-ACCE-78311C8A648E}.Release|x86.ActiveCfg = Release|x86
		{095DCC91-B26C-46B3-ACCE-78311C8A648E}.Release|x86.Build.0 = Release|x86
		{9FA5C8B9-526C-4F72-B84B-E35C0AA4C7AC}.Debug|Any CPU.ActiveCfg = Debug|Any CPU
		{9FA5C8B9-526C-4F72-B84B-E35C0AA4C7AC}.Debug|Any CPU.Build.0 = Debug|Any CPU
		{9FA5C8B9-526C-4F72-B84B-E35C0AA4C7AC}.Debug|x64.ActiveCfg = Debug|Any CPU
		{9FA5C8B9-526C-4F72-B84B-E35C0AA4C7AC}.Debug|x64.Build.0 = Debug|Any CPU
		{9FA5C8B9-526C-4F72-B84B-E35C0AA4C7AC}.Debug|x86.ActiveCfg = Debug|Any CPU
		{9FA5C8B9-526C-4F72-B84B-E35C0AA4C7AC}.Debug|x86.Build.0 = Debug|Any CPU
		{9FA5C8B9-526C-4F72-B84B-E35C0AA4C7AC}.Release|Any CPU.ActiveCfg = Release|Any CPU
		{9FA5C8B9-526C-4F72-B84B-E35C0AA4C7AC}.Release|Any CPU.Build.0 = Release|Any CPU
		{9FA5C8B9-526C-4F72-B84B-E35C0AA4C7AC}.Release|x64.ActiveCfg = Release|Any CPU
		{9FA5C8B9-526C-4F72-B84B-E35C0AA4C7AC}.Release|x64.Build.0 = Release|Any CPU
		{9FA5C8B9-526C-4F72-B84B-E35C0AA4C7AC}.Release|x86.ActiveCfg = Release|Any CPU
		{9FA5C8B9-526C-4F72-B84B-E35C0AA4C7AC}.Release|x86.Build.0 = Release|Any CPU
		{5FD3E10D-B2DA-4F3F-913E-5E5728A0B8DB}.Debug|Any CPU.ActiveCfg = Debug
		{5FD3E10D-B2DA-4F3F-913E-5E5728A0B8DB}.Debug|x64.ActiveCfg = Debug
		{5FD3E10D-B2DA-4F3F-913E-5E5728A0B8DB}.Debug|x86.ActiveCfg = Debug
		{5FD3E10D-B2DA-4F3F-913E-5E5728A0B8DB}.Release|Any CPU.ActiveCfg = Release
		{5FD3E10D-B2DA-4F3F-913E-5E5728A0B8DB}.Release|x64.ActiveCfg = Release
		{5FD3E10D-B2DA-4F3F-913E-5E5728A0B8DB}.Release|x86.ActiveCfg = Release
	EndGlobalSection
	GlobalSection(SolutionProperties) = preSolution
		HideSolutionNode = FALSE
	EndGlobalSection
	GlobalSection(ExtensibilityGlobals) = postSolution
		SolutionGuid = {BCABA949-3742-4151-981F-1778D28AADD8}
	EndGlobalSection
EndGlobal
